// !$*UTF8*$!
{
	archiveVersion = 1;
	classes = {
	};
	objectVersion = 56;
	objects = {

/* Begin PBXBuildFile section */
		5BE73CC62C591A5C002F11D6 /* TuneInStationApp.swift in Sources */ = {isa = PBXBuildFile; fileRef = 5BE73CC52C591A5C002F11D6 /* TuneInStationApp.swift */; };
		5BE73CC82C591A5C002F11D6 /* ContentView.swift in Sources */ = {isa = PBXBuildFile; fileRef = 5BE73CC72C591A5C002F11D6 /* ContentView.swift */; };
		5BE73CCA2C591A5D002F11D6 /* Assets.xcassets in Resources */ = {isa = PBXBuildFile; fileRef = 5BE73CC92C591A5D002F11D6 /* Assets.xcassets */; };
		5BE73CCD2C591A5D002F11D6 /* Preview Assets.xcassets in Resources */ = {isa = PBXBuildFile; fileRef = 5BE73CCC2C591A5D002F11D6 /* Preview Assets.xcassets */; };
		5BE73CD72C591A5D002F11D6 /* StationListViewModelTests.swift in Sources */ = {isa = PBXBuildFile; fileRef = 5BE73CD62C591A5D002F11D6 /* StationListViewModelTests.swift */; };
		5BE73CE12C591A5D002F11D6 /* TuneInStationUITests.swift in Sources */ = {isa = PBXBuildFile; fileRef = 5BE73CE02C591A5D002F11D6 /* TuneInStationUITests.swift */; };
		5BE73CE32C591A5D002F11D6 /* TuneInStationUITestsLaunchTests.swift in Sources */ = {isa = PBXBuildFile; fileRef = 5BE73CE22C591A5D002F11D6 /* TuneInStationUITestsLaunchTests.swift */; };
		5BE73CF12C591B4D002F11D6 /* StationListView.swift in Sources */ = {isa = PBXBuildFile; fileRef = 5BE73CF02C591B4D002F11D6 /* StationListView.swift */; };
		5BE73CF42C591D99002F11D6 /* Extensions.swift in Sources */ = {isa = PBXBuildFile; fileRef = 5BE73CF32C591D99002F11D6 /* Extensions.swift */; };
		5BE73CF62C592697002F11D6 /* TagsView.swift in Sources */ = {isa = PBXBuildFile; fileRef = 5BE73CF52C592697002F11D6 /* TagsView.swift */; };
		5BE73CFA2C59271E002F11D6 /* StationListViewModel.swift in Sources */ = {isa = PBXBuildFile; fileRef = 5BE73CF92C59271E002F11D6 /* StationListViewModel.swift */; };
		5BE73CFD2C592869002F11D6 /* TuneInAPI.swift in Sources */ = {isa = PBXBuildFile; fileRef = 5BE73CFC2C592869002F11D6 /* TuneInAPI.swift */; };
		5BE73CFF2C5928D3002F11D6 /* TuneInStation.swift in Sources */ = {isa = PBXBuildFile; fileRef = 5BE73CFE2C5928D3002F11D6 /* TuneInStation.swift */; };
		5BE73D022C593830002F11D6 /* StationPlaybackView.swift in Sources */ = {isa = PBXBuildFile; fileRef = 5BE73D012C593830002F11D6 /* StationPlaybackView.swift */; };
		5BE73D042C593F68002F11D6 /* StationPlaybackViewModel.swift in Sources */ = {isa = PBXBuildFile; fileRef = 5BE73D032C593F68002F11D6 /* StationPlaybackViewModel.swift */; };
		5BE73D1B2C595D83002F11D6 /* TuneInAPIMock.swift in Sources */ = {isa = PBXBuildFile; fileRef = 5BE73D1A2C595D83002F11D6 /* TuneInAPIMock.swift */; };
		5BE73D1F2C595F4E002F11D6 /* APIResponseMock.json in Resources */ = {isa = PBXBuildFile; fileRef = 5BE73D1C2C595D90002F11D6 /* APIResponseMock.json */; };
/* End PBXBuildFile section */

/* Begin PBXContainerItemProxy section */
		5BE73CD32C591A5D002F11D6 /* PBXContainerItemProxy */ = {
			isa = PBXContainerItemProxy;
			containerPortal = 5BE73CBA2C591A5C002F11D6 /* Project object */;
			proxyType = 1;
			remoteGlobalIDString = 5BE73CC12C591A5C002F11D6;
			remoteInfo = TuneInStation;
		};
		5BE73CDD2C591A5D002F11D6 /* PBXContainerItemProxy */ = {
			isa = PBXContainerItemProxy;
			containerPortal = 5BE73CBA2C591A5C002F11D6 /* Project object */;
			proxyType = 1;
			remoteGlobalIDString = 5BE73CC12C591A5C002F11D6;
			remoteInfo = TuneInStation;
		};
/* End PBXContainerItemProxy section */

/* Begin PBXFileReference section */
		5BE73CC22C591A5C002F11D6 /* TuneInStation.app */ = {isa = PBXFileReference; explicitFileType = wrapper.application; includeInIndex = 0; path = TuneInStation.app; sourceTree = BUILT_PRODUCTS_DIR; };
		5BE73CC52C591A5C002F11D6 /* TuneInStationApp.swift */ = {isa = PBXFileReference; lastKnownFileType = sourcecode.swift; path = TuneInStationApp.swift; sourceTree = "<group>"; };
		5BE73CC72C591A5C002F11D6 /* ContentView.swift */ = {isa = PBXFileReference; lastKnownFileType = sourcecode.swift; path = ContentView.swift; sourceTree = "<group>"; };
		5BE73CC92C591A5D002F11D6 /* Assets.xcassets */ = {isa = PBXFileReference; lastKnownFileType = folder.assetcatalog; path = Assets.xcassets; sourceTree = "<group>"; };
		5BE73CCC2C591A5D002F11D6 /* Preview Assets.xcassets */ = {isa = PBXFileReference; lastKnownFileType = folder.assetcatalog; path = "Preview Assets.xcassets"; sourceTree = "<group>"; };
		5BE73CD22C591A5D002F11D6 /* TuneInStationTests.xctest */ = {isa = PBXFileReference; explicitFileType = wrapper.cfbundle; includeInIndex = 0; path = TuneInStationTests.xctest; sourceTree = BUILT_PRODUCTS_DIR; };
		5BE73CD62C591A5D002F11D6 /* StationListViewModelTests.swift */ = {isa = PBXFileReference; lastKnownFileType = sourcecode.swift; path = StationListViewModelTests.swift; sourceTree = "<group>"; };
		5BE73CDC2C591A5D002F11D6 /* TuneInStationUITests.xctest */ = {isa = PBXFileReference; explicitFileType = wrapper.cfbundle; includeInIndex = 0; path = TuneInStationUITests.xctest; sourceTree = BUILT_PRODUCTS_DIR; };
		5BE73CE02C591A5D002F11D6 /* TuneInStationUITests.swift */ = {isa = PBXFileReference; lastKnownFileType = sourcecode.swift; path = TuneInStationUITests.swift; sourceTree = "<group>"; };
		5BE73CE22C591A5D002F11D6 /* TuneInStationUITestsLaunchTests.swift */ = {isa = PBXFileReference; lastKnownFileType = sourcecode.swift; path = TuneInStationUITestsLaunchTests.swift; sourceTree = "<group>"; };
		5BE73CF02C591B4D002F11D6 /* StationListView.swift */ = {isa = PBXFileReference; lastKnownFileType = sourcecode.swift; path = StationListView.swift; sourceTree = "<group>"; };
		5BE73CF32C591D99002F11D6 /* Extensions.swift */ = {isa = PBXFileReference; lastKnownFileType = sourcecode.swift; path = Extensions.swift; sourceTree = "<group>"; };
		5BE73CF52C592697002F11D6 /* TagsView.swift */ = {isa = PBXFileReference; lastKnownFileType = sourcecode.swift; path = TagsView.swift; sourceTree = "<group>"; };
		5BE73CF92C59271E002F11D6 /* StationListViewModel.swift */ = {isa = PBXFileReference; lastKnownFileType = sourcecode.swift; path = StationListViewModel.swift; sourceTree = "<group>"; };
		5BE73CFC2C592869002F11D6 /* TuneInAPI.swift */ = {isa = PBXFileReference; lastKnownFileType = sourcecode.swift; path = TuneInAPI.swift; sourceTree = "<group>"; };
		5BE73CFE2C5928D3002F11D6 /* TuneInStation.swift */ = {isa = PBXFileReference; lastKnownFileType = sourcecode.swift; path = TuneInStation.swift; sourceTree = "<group>"; };
		5BE73D012C593830002F11D6 /* StationPlaybackView.swift */ = {isa = PBXFileReference; lastKnownFileType = sourcecode.swift; path = StationPlaybackView.swift; sourceTree = "<group>"; };
		5BE73D032C593F68002F11D6 /* StationPlaybackViewModel.swift */ = {isa = PBXFileReference; lastKnownFileType = sourcecode.swift; path = StationPlaybackViewModel.swift; sourceTree = "<group>"; };
		5BE73D072C594B3D002F11D6 /* Info.plist */ = {isa = PBXFileReference; lastKnownFileType = text.plist; path = Info.plist; sourceTree = "<group>"; };
		5BE73D1A2C595D83002F11D6 /* TuneInAPIMock.swift */ = {isa = PBXFileReference; lastKnownFileType = sourcecode.swift; path = TuneInAPIMock.swift; sourceTree = "<group>"; };
		5BE73D1C2C595D90002F11D6 /* APIResponseMock.json */ = {isa = PBXFileReference; lastKnownFileType = text.json; path = APIResponseMock.json; sourceTree = "<group>"; };
/* End PBXFileReference section */

/* Begin PBXFrameworksBuildPhase section */
		5BE73CBF2C591A5C002F11D6 /* Frameworks */ = {
			isa = PBXFrameworksBuildPhase;
			buildActionMask = 2147483647;
			files = (
			);
			runOnlyForDeploymentPostprocessing = 0;
		};
		5BE73CCF2C591A5D002F11D6 /* Frameworks */ = {
			isa = PBXFrameworksBuildPhase;
			buildActionMask = 2147483647;
			files = (
			);
			runOnlyForDeploymentPostprocessing = 0;
		};
		5BE73CD92C591A5D002F11D6 /* Frameworks */ = {
			isa = PBXFrameworksBuildPhase;
			buildActionMask = 2147483647;
			files = (
			);
			runOnlyForDeploymentPostprocessing = 0;
		};
/* End PBXFrameworksBuildPhase section */

/* Begin PBXGroup section */
		5BE73CB92C591A5C002F11D6 = {
			isa = PBXGroup;
			children = (
				5BE73CC42C591A5C002F11D6 /* TuneInStation */,
				5BE73CD52C591A5D002F11D6 /* TuneInStationTests */,
				5BE73CDF2C591A5D002F11D6 /* TuneInStationUITests */,
				5BE73CC32C591A5C002F11D6 /* Products */,
			);
			sourceTree = "<group>";
		};
		5BE73CC32C591A5C002F11D6 /* Products */ = {
			isa = PBXGroup;
			children = (
				5BE73CC22C591A5C002F11D6 /* TuneInStation.app */,
				5BE73CD22C591A5D002F11D6 /* TuneInStationTests.xctest */,
				5BE73CDC2C591A5D002F11D6 /* TuneInStationUITests.xctest */,
			);
			name = Products;
			sourceTree = "<group>";
		};
		5BE73CC42C591A5C002F11D6 /* TuneInStation */ = {
			isa = PBXGroup;
			children = (
				5BE73D072C594B3D002F11D6 /* Info.plist */,
				5BE73D002C59381F002F11D6 /* StationPlayback */,
				5BE73CFB2C59285F002F11D6 /* Common */,
				5BE73CF22C591D91002F11D6 /* Tools */,
				5BE73CEF2C591B33002F11D6 /* StationList */,
				5BE73CC52C591A5C002F11D6 /* TuneInStationApp.swift */,
				5BE73CC72C591A5C002F11D6 /* ContentView.swift */,
				5BE73CC92C591A5D002F11D6 /* Assets.xcassets */,
				5BE73CCB2C591A5D002F11D6 /* Preview Content */,
			);
			path = TuneInStation;
			sourceTree = "<group>";
		};
		5BE73CCB2C591A5D002F11D6 /* Preview Content */ = {
			isa = PBXGroup;
			children = (
				5BE73CCC2C591A5D002F11D6 /* Preview Assets.xcassets */,
			);
			path = "Preview Content";
			sourceTree = "<group>";
		};
		5BE73CD52C591A5D002F11D6 /* TuneInStationTests */ = {
			isa = PBXGroup;
			children = (
				5BE73CD62C591A5D002F11D6 /* StationListViewModelTests.swift */,
				5BE73D1A2C595D83002F11D6 /* TuneInAPIMock.swift */,
				5BE73D1C2C595D90002F11D6 /* APIResponseMock.json */,
			);
			path = TuneInStationTests;
			sourceTree = "<group>";
		};
		5BE73CDF2C591A5D002F11D6 /* TuneInStationUITests */ = {
			isa = PBXGroup;
			children = (
				5BE73CE02C591A5D002F11D6 /* TuneInStationUITests.swift */,
				5BE73CE22C591A5D002F11D6 /* TuneInStationUITestsLaunchTests.swift */,
			);
			path = TuneInStationUITests;
			sourceTree = "<group>";
		};
		5BE73CEF2C591B33002F11D6 /* StationList */ = {
			isa = PBXGroup;
			children = (
				5BE73CF82C592712002F11D6 /* ViewModel */,
				5BE73CF72C592708002F11D6 /* View */,
			);
			path = StationList;
			sourceTree = "<group>";
		};
		5BE73CF22C591D91002F11D6 /* Tools */ = {
			isa = PBXGroup;
			children = (
				5BE73CF32C591D99002F11D6 /* Extensions.swift */,
			);
			path = Tools;
			sourceTree = "<group>";
		};
		5BE73CF72C592708002F11D6 /* View */ = {
			isa = PBXGroup;
			children = (
				5BE73CF02C591B4D002F11D6 /* StationListView.swift */,
				5BE73CF52C592697002F11D6 /* TagsView.swift */,
			);
			path = View;
			sourceTree = "<group>";
		};
		5BE73CF82C592712002F11D6 /* ViewModel */ = {
			isa = PBXGroup;
			children = (
				5BE73CF92C59271E002F11D6 /* StationListViewModel.swift */,
			);
			path = ViewModel;
			sourceTree = "<group>";
		};
		5BE73CFB2C59285F002F11D6 /* Common */ = {
			isa = PBXGroup;
			children = (
				5BE73CFC2C592869002F11D6 /* TuneInAPI.swift */,
				5BE73CFE2C5928D3002F11D6 /* TuneInStation.swift */,
			);
			path = Common;
			sourceTree = "<group>";
		};
		5BE73D002C59381F002F11D6 /* StationPlayback */ = {
			isa = PBXGroup;
			children = (
				5BE73D062C594654002F11D6 /* ViewModel */,
				5BE73D052C59464A002F11D6 /* View */,
			);
			path = StationPlayback;
			sourceTree = "<group>";
		};
		5BE73D052C59464A002F11D6 /* View */ = {
			isa = PBXGroup;
			children = (
				5BE73D012C593830002F11D6 /* StationPlaybackView.swift */,
			);
			path = View;
			sourceTree = "<group>";
		};
		5BE73D062C594654002F11D6 /* ViewModel */ = {
			isa = PBXGroup;
			children = (
				5BE73D032C593F68002F11D6 /* StationPlaybackViewModel.swift */,
			);
			path = ViewModel;
			sourceTree = "<group>";
		};
/* End PBXGroup section */

/* Begin PBXNativeTarget section */
		5BE73CC12C591A5C002F11D6 /* TuneInStation */ = {
			isa = PBXNativeTarget;
			buildConfigurationList = 5BE73CE62C591A5D002F11D6 /* Build configuration list for PBXNativeTarget "TuneInStation" */;
			buildPhases = (
				5BE73CBE2C591A5C002F11D6 /* Sources */,
				5BE73CBF2C591A5C002F11D6 /* Frameworks */,
				5BE73CC02C591A5C002F11D6 /* Resources */,
			);
			buildRules = (
			);
			dependencies = (
			);
			name = TuneInStation;
			productName = TuneInStation;
			productReference = 5BE73CC22C591A5C002F11D6 /* TuneInStation.app */;
			productType = "com.apple.product-type.application";
		};
		5BE73CD12C591A5D002F11D6 /* TuneInStationTests */ = {
			isa = PBXNativeTarget;
			buildConfigurationList = 5BE73CE92C591A5D002F11D6 /* Build configuration list for PBXNativeTarget "TuneInStationTests" */;
			buildPhases = (
				5BE73CCE2C591A5D002F11D6 /* Sources */,
				5BE73CCF2C591A5D002F11D6 /* Frameworks */,
				5BE73CD02C591A5D002F11D6 /* Resources */,
			);
			buildRules = (
			);
			dependencies = (
				5BE73CD42C591A5D002F11D6 /* PBXTargetDependency */,
			);
			name = TuneInStationTests;
			productName = TuneInStationTests;
			productReference = 5BE73CD22C591A5D002F11D6 /* TuneInStationTests.xctest */;
			productType = "com.apple.product-type.bundle.unit-test";
		};
		5BE73CDB2C591A5D002F11D6 /* TuneInStationUITests */ = {
			isa = PBXNativeTarget;
			buildConfigurationList = 5BE73CEC2C591A5D002F11D6 /* Build configuration list for PBXNativeTarget "TuneInStationUITests" */;
			buildPhases = (
				5BE73CD82C591A5D002F11D6 /* Sources */,
				5BE73CD92C591A5D002F11D6 /* Frameworks */,
				5BE73CDA2C591A5D002F11D6 /* Resources */,
			);
			buildRules = (
			);
			dependencies = (
				5BE73CDE2C591A5D002F11D6 /* PBXTargetDependency */,
			);
			name = TuneInStationUITests;
			productName = TuneInStationUITests;
			productReference = 5BE73CDC2C591A5D002F11D6 /* TuneInStationUITests.xctest */;
			productType = "com.apple.product-type.bundle.ui-testing";
		};
/* End PBXNativeTarget section */

/* Begin PBXProject section */
		5BE73CBA2C591A5C002F11D6 /* Project object */ = {
			isa = PBXProject;
			attributes = {
				BuildIndependentTargetsInParallel = 1;
				LastSwiftUpdateCheck = 1520;
				LastUpgradeCheck = 1520;
				TargetAttributes = {
					5BE73CC12C591A5C002F11D6 = {
						CreatedOnToolsVersion = 15.2;
					};
					5BE73CD12C591A5D002F11D6 = {
						CreatedOnToolsVersion = 15.2;
						TestTargetID = 5BE73CC12C591A5C002F11D6;
					};
					5BE73CDB2C591A5D002F11D6 = {
						CreatedOnToolsVersion = 15.2;
						TestTargetID = 5BE73CC12C591A5C002F11D6;
					};
				};
			};
			buildConfigurationList = 5BE73CBD2C591A5C002F11D6 /* Build configuration list for PBXProject "TuneInStation" */;
			compatibilityVersion = "Xcode 14.0";
			developmentRegion = en;
			hasScannedForEncodings = 0;
			knownRegions = (
				en,
				Base,
			);
			mainGroup = 5BE73CB92C591A5C002F11D6;
			productRefGroup = 5BE73CC32C591A5C002F11D6 /* Products */;
			projectDirPath = "";
			projectRoot = "";
			targets = (
				5BE73CC12C591A5C002F11D6 /* TuneInStation */,
				5BE73CD12C591A5D002F11D6 /* TuneInStationTests */,
				5BE73CDB2C591A5D002F11D6 /* TuneInStationUITests */,
			);
		};
/* End PBXProject section */

/* Begin PBXResourcesBuildPhase section */
		5BE73CC02C591A5C002F11D6 /* Resources */ = {
			isa = PBXResourcesBuildPhase;
			buildActionMask = 2147483647;
			files = (
				5BE73CCD2C591A5D002F11D6 /* Preview Assets.xcassets in Resources */,
				5BE73CCA2C591A5D002F11D6 /* Assets.xcassets in Resources */,
			);
			runOnlyForDeploymentPostprocessing = 0;
		};
		5BE73CD02C591A5D002F11D6 /* Resources */ = {
			isa = PBXResourcesBuildPhase;
			buildActionMask = 2147483647;
			files = (
				5BE73D1F2C595F4E002F11D6 /* APIResponseMock.json in Resources */,
			);
			runOnlyForDeploymentPostprocessing = 0;
		};
		5BE73CDA2C591A5D002F11D6 /* Resources */ = {
			isa = PBXResourcesBuildPhase;
			buildActionMask = 2147483647;
			files = (
			);
			runOnlyForDeploymentPostprocessing = 0;
		};
/* End PBXResourcesBuildPhase section */

/* Begin PBXSourcesBuildPhase section */
		5BE73CBE2C591A5C002F11D6 /* Sources */ = {
			isa = PBXSourcesBuildPhase;
			buildActionMask = 2147483647;
			files = (
				5BE73CC82C591A5C002F11D6 /* ContentView.swift in Sources */,
				5BE73CF62C592697002F11D6 /* TagsView.swift in Sources */,
				5BE73CF12C591B4D002F11D6 /* StationListView.swift in Sources */,
				5BE73CFF2C5928D3002F11D6 /* TuneInStation.swift in Sources */,
				5BE73D042C593F68002F11D6 /* StationPlaybackViewModel.swift in Sources */,
				5BE73CFA2C59271E002F11D6 /* StationListViewModel.swift in Sources */,
				5BE73CC62C591A5C002F11D6 /* TuneInStationApp.swift in Sources */,
				5BE73D022C593830002F11D6 /* StationPlaybackView.swift in Sources */,
				5BE73CFD2C592869002F11D6 /* TuneInAPI.swift in Sources */,
				5BE73CF42C591D99002F11D6 /* Extensions.swift in Sources */,
			);
			runOnlyForDeploymentPostprocessing = 0;
		};
		5BE73CCE2C591A5D002F11D6 /* Sources */ = {
			isa = PBXSourcesBuildPhase;
			buildActionMask = 2147483647;
			files = (
				5BE73CD72C591A5D002F11D6 /* StationListViewModelTests.swift in Sources */,
				5BE73D1B2C595D83002F11D6 /* TuneInAPIMock.swift in Sources */,
			);
			runOnlyForDeploymentPostprocessing = 0;
		};
		5BE73CD82C591A5D002F11D6 /* Sources */ = {
			isa = PBXSourcesBuildPhase;
			buildActionMask = 2147483647;
			files = (
				5BE73CE32C591A5D002F11D6 /* TuneInStationUITestsLaunchTests.swift in Sources */,
				5BE73CE12C591A5D002F11D6 /* TuneInStationUITests.swift in Sources */,
			);
			runOnlyForDeploymentPostprocessing = 0;
		};
/* End PBXSourcesBuildPhase section */

/* Begin PBXTargetDependency section */
		5BE73CD42C591A5D002F11D6 /* PBXTargetDependency */ = {
			isa = PBXTargetDependency;
			target = 5BE73CC12C591A5C002F11D6 /* TuneInStation */;
			targetProxy = 5BE73CD32C591A5D002F11D6 /* PBXContainerItemProxy */;
		};
		5BE73CDE2C591A5D002F11D6 /* PBXTargetDependency */ = {
			isa = PBXTargetDependency;
			target = 5BE73CC12C591A5C002F11D6 /* TuneInStation */;
			targetProxy = 5BE73CDD2C591A5D002F11D6 /* PBXContainerItemProxy */;
		};
/* End PBXTargetDependency section */

/* Begin XCBuildConfiguration section */
		5BE73CE42C591A5D002F11D6 /* Debug */ = {
			isa = XCBuildConfiguration;
			buildSettings = {
				ALWAYS_SEARCH_USER_PATHS = NO;
				ASSETCATALOG_COMPILER_GENERATE_SWIFT_ASSET_SYMBOL_EXTENSIONS = YES;
				CLANG_ANALYZER_NONNULL = YES;
				CLANG_ANALYZER_NUMBER_OBJECT_CONVERSION = YES_AGGRESSIVE;
				CLANG_CXX_LANGUAGE_STANDARD = "gnu++20";
				CLANG_ENABLE_MODULES = YES;
				CLANG_ENABLE_OBJC_ARC = YES;
				CLANG_ENABLE_OBJC_WEAK = YES;
				CLANG_WARN_BLOCK_CAPTURE_AUTORELEASING = YES;
				CLANG_WARN_BOOL_CONVERSION = YES;
				CLANG_WARN_COMMA = YES;
				CLANG_WARN_CONSTANT_CONVERSION = YES;
				CLANG_WARN_DEPRECATED_OBJC_IMPLEMENTATIONS = YES;
				CLANG_WARN_DIRECT_OBJC_ISA_USAGE = YES_ERROR;
				CLANG_WARN_DOCUMENTATION_COMMENTS = YES;
				CLANG_WARN_EMPTY_BODY = YES;
				CLANG_WARN_ENUM_CONVERSION = YES;
				CLANG_WARN_INFINITE_RECURSION = YES;
				CLANG_WARN_INT_CONVERSION = YES;
				CLANG_WARN_NON_LITERAL_NULL_CONVERSION = YES;
				CLANG_WARN_OBJC_IMPLICIT_RETAIN_SELF = YES;
				CLANG_WARN_OBJC_LITERAL_CONVERSION = YES;
				CLANG_WARN_OBJC_ROOT_CLASS = YES_ERROR;
				CLANG_WARN_QUOTED_INCLUDE_IN_FRAMEWORK_HEADER = YES;
				CLANG_WARN_RANGE_LOOP_ANALYSIS = YES;
				CLANG_WARN_STRICT_PROTOTYPES = YES;
				CLANG_WARN_SUSPICIOUS_MOVE = YES;
				CLANG_WARN_UNGUARDED_AVAILABILITY = YES_AGGRESSIVE;
				CLANG_WARN_UNREACHABLE_CODE = YES;
				CLANG_WARN__DUPLICATE_METHOD_MATCH = YES;
				COPY_PHASE_STRIP = NO;
				DEBUG_INFORMATION_FORMAT = dwarf;
				ENABLE_STRICT_OBJC_MSGSEND = YES;
				ENABLE_TESTABILITY = YES;
				ENABLE_USER_SCRIPT_SANDBOXING = YES;
				GCC_C_LANGUAGE_STANDARD = gnu17;
				GCC_DYNAMIC_NO_PIC = NO;
				GCC_NO_COMMON_BLOCKS = YES;
				GCC_OPTIMIZATION_LEVEL = 0;
				GCC_PREPROCESSOR_DEFINITIONS = (
					"DEBUG=1",
					"$(inherited)",
				);
				GCC_WARN_64_TO_32_BIT_CONVERSION = YES;
				GCC_WARN_ABOUT_RETURN_TYPE = YES_ERROR;
				GCC_WARN_UNDECLARED_SELECTOR = YES;
				GCC_WARN_UNINITIALIZED_AUTOS = YES_AGGRESSIVE;
				GCC_WARN_UNUSED_FUNCTION = YES;
				GCC_WARN_UNUSED_VARIABLE = YES;
				IPHONEOS_DEPLOYMENT_TARGET = 17.2;
				LOCALIZATION_PREFERS_STRING_CATALOGS = YES;
				MTL_ENABLE_DEBUG_INFO = INCLUDE_SOURCE;
				MTL_FAST_MATH = YES;
				ONLY_ACTIVE_ARCH = YES;
				SDKROOT = iphoneos;
				SWIFT_ACTIVE_COMPILATION_CONDITIONS = "DEBUG $(inherited)";
				SWIFT_OPTIMIZATION_LEVEL = "-Onone";
			};
			name = Debug;
		};
		5BE73CE52C591A5D002F11D6 /* Release */ = {
			isa = XCBuildConfiguration;
			buildSettings = {
				ALWAYS_SEARCH_USER_PATHS = NO;
				ASSETCATALOG_COMPILER_GENERATE_SWIFT_ASSET_SYMBOL_EXTENSIONS = YES;
				CLANG_ANALYZER_NONNULL = YES;
				CLANG_ANALYZER_NUMBER_OBJECT_CONVERSION = YES_AGGRESSIVE;
				CLANG_CXX_LANGUAGE_STANDARD = "gnu++20";
				CLANG_ENABLE_MODULES = YES;
				CLANG_ENABLE_OBJC_ARC = YES;
				CLANG_ENABLE_OBJC_WEAK = YES;
				CLANG_WARN_BLOCK_CAPTURE_AUTORELEASING = YES;
				CLANG_WARN_BOOL_CONVERSION = YES;
				CLANG_WARN_COMMA = YES;
				CLANG_WARN_CONSTANT_CONVERSION = YES;
				CLANG_WARN_DEPRECATED_OBJC_IMPLEMENTATIONS = YES;
				CLANG_WARN_DIRECT_OBJC_ISA_USAGE = YES_ERROR;
				CLANG_WARN_DOCUMENTATION_COMMENTS = YES;
				CLANG_WARN_EMPTY_BODY = YES;
				CLANG_WARN_ENUM_CONVERSION = YES;
				CLANG_WARN_INFINITE_RECURSION = YES;
				CLANG_WARN_INT_CONVERSION = YES;
				CLANG_WARN_NON_LITERAL_NULL_CONVERSION = YES;
				CLANG_WARN_OBJC_IMPLICIT_RETAIN_SELF = YES;
				CLANG_WARN_OBJC_LITERAL_CONVERSION = YES;
				CLANG_WARN_OBJC_ROOT_CLASS = YES_ERROR;
				CLANG_WARN_QUOTED_INCLUDE_IN_FRAMEWORK_HEADER = YES;
				CLANG_WARN_RANGE_LOOP_ANALYSIS = YES;
				CLANG_WARN_STRICT_PROTOTYPES = YES;
				CLANG_WARN_SUSPICIOUS_MOVE = YES;
				CLANG_WARN_UNGUARDED_AVAILABILITY = YES_AGGRESSIVE;
				CLANG_WARN_UNREACHABLE_CODE = YES;
				CLANG_WARN__DUPLICATE_METHOD_MATCH = YES;
				COPY_PHASE_STRIP = NO;
				DEBUG_INFORMATION_FORMAT = "dwarf-with-dsym";
				ENABLE_NS_ASSERTIONS = NO;
				ENABLE_STRICT_OBJC_MSGSEND = YES;
				ENABLE_USER_SCRIPT_SANDBOXING = YES;
				GCC_C_LANGUAGE_STANDARD = gnu17;
				GCC_NO_COMMON_BLOCKS = YES;
				GCC_WARN_64_TO_32_BIT_CONVERSION = YES;
				GCC_WARN_ABOUT_RETURN_TYPE = YES_ERROR;
				GCC_WARN_UNDECLARED_SELECTOR = YES;
				GCC_WARN_UNINITIALIZED_AUTOS = YES_AGGRESSIVE;
				GCC_WARN_UNUSED_FUNCTION = YES;
				GCC_WARN_UNUSED_VARIABLE = YES;
				IPHONEOS_DEPLOYMENT_TARGET = 17.2;
				LOCALIZATION_PREFERS_STRING_CATALOGS = YES;
				MTL_ENABLE_DEBUG_INFO = NO;
				MTL_FAST_MATH = YES;
				SDKROOT = iphoneos;
				SWIFT_COMPILATION_MODE = wholemodule;
				VALIDATE_PRODUCT = YES;
			};
			name = Release;
		};
		5BE73CE72C591A5D002F11D6 /* Debug */ = {
			isa = XCBuildConfiguration;
			buildSettings = {
				ASSETCATALOG_COMPILER_APPICON_NAME = AppIcon;
				ASSETCATALOG_COMPILER_GLOBAL_ACCENT_COLOR_NAME = AccentColor;
				CODE_SIGN_STYLE = Automatic;
				CURRENT_PROJECT_VERSION = 1;
				DEVELOPMENT_ASSET_PATHS = "\"TuneInStation/Preview Content\"";
				DEVELOPMENT_TEAM = 52PJTX65T3;
				ENABLE_PREVIEWS = YES;
				GENERATE_INFOPLIST_FILE = YES;
				INFOPLIST_FILE = TuneInStation/Info.plist;
				INFOPLIST_KEY_UIApplicationSceneManifest_Generation = YES;
				INFOPLIST_KEY_UIApplicationSupportsIndirectInputEvents = YES;
				INFOPLIST_KEY_UILaunchScreen_Generation = YES;
				INFOPLIST_KEY_UISupportedInterfaceOrientations = UIInterfaceOrientationPortrait;
				LD_RUNPATH_SEARCH_PATHS = (
					"$(inherited)",
					"@executable_path/Frameworks",
				);
				MARKETING_VERSION = 1.0;
				PRODUCT_BUNDLE_IDENTIFIER = com.kruberlick.TuneInStation;
				PRODUCT_NAME = "$(TARGET_NAME)";
				SUPPORTED_PLATFORMS = "iphoneos iphonesimulator";
				SUPPORTS_MACCATALYST = NO;
				SUPPORTS_MAC_DESIGNED_FOR_IPHONE_IPAD = NO;
				SUPPORTS_XR_DESIGNED_FOR_IPHONE_IPAD = NO;
				SWIFT_EMIT_LOC_STRINGS = YES;
				SWIFT_VERSION = 5.0;
				TARGETED_DEVICE_FAMILY = 1;
			};
			name = Debug;
		};
		5BE73CE82C591A5D002F11D6 /* Release */ = {
			isa = XCBuildConfiguration;
			buildSettings = {
				ASSETCATALOG_COMPILER_APPICON_NAME = AppIcon;
				ASSETCATALOG_COMPILER_GLOBAL_ACCENT_COLOR_NAME = AccentColor;
				CODE_SIGN_STYLE = Automatic;
				CURRENT_PROJECT_VERSION = 1;
				DEVELOPMENT_ASSET_PATHS = "\"TuneInStation/Preview Content\"";
				DEVELOPMENT_TEAM = 52PJTX65T3;
				ENABLE_PREVIEWS = YES;
				GENERATE_INFOPLIST_FILE = YES;
				INFOPLIST_FILE = TuneInStation/Info.plist;
				INFOPLIST_KEY_UIApplicationSceneManifest_Generation = YES;
				INFOPLIST_KEY_UIApplicationSupportsIndirectInputEvents = YES;
				INFOPLIST_KEY_UILaunchScreen_Generation = YES;
				INFOPLIST_KEY_UISupportedInterfaceOrientations = UIInterfaceOrientationPortrait;
				LD_RUNPATH_SEARCH_PATHS = (
					"$(inherited)",
					"@executable_path/Frameworks",
				);
				MARKETING_VERSION = 1.0;
				PRODUCT_BUNDLE_IDENTIFIER = com.kruberlick.TuneInStation;
				PRODUCT_NAME = "$(TARGET_NAME)";
				SUPPORTED_PLATFORMS = "iphoneos iphonesimulator";
				SUPPORTS_MACCATALYST = NO;
				SUPPORTS_MAC_DESIGNED_FOR_IPHONE_IPAD = NO;
				SUPPORTS_XR_DESIGNED_FOR_IPHONE_IPAD = NO;
				SWIFT_EMIT_LOC_STRINGS = YES;
				SWIFT_VERSION = 5.0;
				TARGETED_DEVICE_FAMILY = 1;
			};
			name = Release;
		};
		5BE73CEA2C591A5D002F11D6 /* Debug */ = {
			isa = XCBuildConfiguration;
			buildSettings = {
				ALWAYS_EMBED_SWIFT_STANDARD_LIBRARIES = YES;
				BUNDLE_LOADER = "$(TEST_HOST)";
				CODE_SIGN_STYLE = Automatic;
				CURRENT_PROJECT_VERSION = 1;
				DEVELOPMENT_TEAM = 52PJTX65T3;
				GENERATE_INFOPLIST_FILE = YES;
				IPHONEOS_DEPLOYMENT_TARGET = 17.2;
				MARKETING_VERSION = 1.0;
				PRODUCT_BUNDLE_IDENTIFIER = com.kruberlick.TuneInStationTests;
				PRODUCT_NAME = "$(TARGET_NAME)";
				SWIFT_EMIT_LOC_STRINGS = NO;
				SWIFT_VERSION = 5.0;
				TARGETED_DEVICE_FAMILY = "1,2";
				TEST_HOST = "$(BUILT_PRODUCTS_DIR)/TuneInStation.app/$(BUNDLE_EXECUTABLE_FOLDER_PATH)/TuneInStation";
			};
			name = Debug;
		};
		5BE73CEB2C591A5D002F11D6 /* Release */ = {
			isa = XCBuildConfiguration;
			buildSettings = {
				ALWAYS_EMBED_SWIFT_STANDARD_LIBRARIES = YES;
				BUNDLE_LOADER = "$(TEST_HOST)";
				CODE_SIGN_STYLE = Automatic;
				CURRENT_PROJECT_VERSION = 1;
				DEVELOPMENT_TEAM = 52PJTX65T3;
				GENERATE_INFOPLIST_FILE = YES;
				IPHONEOS_DEPLOYMENT_TARGET = 17.2;
				MARKETING_VERSION = 1.0;
				PRODUCT_BUNDLE_IDENTIFIER = com.kruberlick.TuneInStationTests;
				PRODUCT_NAME = "$(TARGET_NAME)";
				SWIFT_EMIT_LOC_STRINGS = NO;
				SWIFT_VERSION = 5.0;
				TARGETED_DEVICE_FAMILY = "1,2";
				TEST_HOST = "$(BUILT_PRODUCTS_DIR)/TuneInStation.app/$(BUNDLE_EXECUTABLE_FOLDER_PATH)/TuneInStation";
			};
			name = Release;
		};
		5BE73CED2C591A5D002F11D6 /* Debug */ = {
			isa = XCBuildConfiguration;
			buildSettings = {
				ALWAYS_EMBED_SWIFT_STANDARD_LIBRARIES = YES;
				CODE_SIGN_STYLE = Automatic;
				CURRENT_PROJECT_VERSION = 1;
				DEVELOPMENT_TEAM = 52PJTX65T3;
				GENERATE_INFOPLIST_FILE = YES;
				MARKETING_VERSION = 1.0;
				PRODUCT_BUNDLE_IDENTIFIER = com.kruberlick.TuneInStationUITests;
				PRODUCT_NAME = "$(TARGET_NAME)";
				SWIFT_EMIT_LOC_STRINGS = NO;
				SWIFT_VERSION = 5.0;
				TARGETED_DEVICE_FAMILY = "1,2";
				TEST_TARGET_NAME = TuneInStation;
			};
			name = Debug;
		};
		5BE73CEE2C591A5D002F11D6 /* Release */ = {
			isa = XCBuildConfiguration;
			buildSettings = {
				ALWAYS_EMBED_SWIFT_STANDARD_LIBRARIES = YES;
				CODE_SIGN_STYLE = Automatic;
				CURRENT_PROJECT_VERSION = 1;
				DEVELOPMENT_TEAM = 52PJTX65T3;
				GENERATE_INFOPLIST_FILE = YES;
				MARKETING_VERSION = 1.0;
				PRODUCT_BUNDLE_IDENTIFIER = com.kruberlick.TuneInStationUITests;
				PRODUCT_NAME = "$(TARGET_NAME)";
				SWIFT_EMIT_LOC_STRINGS = NO;
				SWIFT_VERSION = 5.0;
				TARGETED_DEVICE_FAMILY = "1,2";
				TEST_TARGET_NAME = TuneInStation;
			};
			name = Release;
		};
/* End XCBuildConfiguration section */

/* Begin XCConfigurationList section */
		5BE73CBD2C591A5C002F11D6 /* Build configuration list for PBXProject "TuneInStation" */ = {
			isa = XCConfigurationList;
			buildConfigurations = (
				5BE73CE42C591A5D002F11D6 /* Debug */,
				5BE73CE52C591A5D002F11D6 /* Release */,
			);
			defaultConfigurationIsVisible = 0;
			defaultConfigurationName = Release;
		};
		5BE73CE62C591A5D002F11D6 /* Build configuration list for PBXNativeTarget "TuneInStation" */ = {
			isa = XCConfigurationList;
			buildConfigurations = (
				5BE73CE72C591A5D002F11D6 /* Debug */,
				5BE73CE82C591A5D002F11D6 /* Release */,
			);
			defaultConfigurationIsVisible = 0;
			defaultConfigurationName = Release;
		};
		5BE73CE92C591A5D002F11D6 /* Build configuration list for PBXNativeTarget "TuneInStationTests" */ = {
			isa = XCConfigurationList;
			buildConfigurations = (
				5BE73CEA2C591A5D002F11D6 /* Debug */,
				5BE73CEB2C591A5D002F11D6 /* Release */,
			);
			defaultConfigurationIsVisible = 0;
			defaultConfigurationName = Release;
		};
		5BE73CEC2C591A5D002F11D6 /* Build configuration list for PBXNativeTarget "TuneInStationUITests" */ = {
			isa = XCConfigurationList;
			buildConfigurations = (
				5BE73CED2C591A5D002F11D6 /* Debug */,
				5BE73CEE2C591A5D002F11D6 /* Release */,
			);
			defaultConfigurationIsVisible = 0;
			defaultConfigurationName = Release;
		};
/* End XCConfigurationList section */
	};
	rootObject = 5BE73CBA2C591A5C002F11D6 /* Project object */;
}
